
Microsoft Visual Studio Solution File, Format Version 12.00
# Visual Studio Version 17
VisualStudioVersion = 17.0.31903.59
MinimumVisualStudioVersion = 10.0.40219.1
Project("{FAE04EC0-301F-11D3-BF4B-00C04F79EFBC}") = "task_1", "Задание_8\task_1.csproj", "{288A41C5-70AD-4EDD-AC7A-48EFDDBBA513}"
EndProject
Project("{FAE04EC0-301F-11D3-BF4B-00C04F79EFBC}") = "task_2", "task_2\task_2.csproj", "{542AF4DC-6940-4B1E-9AAC-E099A989952C}"
EndProject
Global
	GlobalSection(SolutionConfigurationPlatforms) = preSolution
		Debug|Any CPU = Debug|Any CPU
		Release|Any CPU = Release|Any CPU
	EndGlobalSection
	GlobalSection(ProjectConfigurationPlatforms) = postSolution
		{288A41C5-70AD-4EDD-AC7A-48EFDDBBA513}.Debug|Any CPU.ActiveCfg = Debug|Any CPU
		{288A41C5-70AD-4EDD-AC7A-48EFDDBBA513}.Debug|Any CPU.Build.0 = Debug|Any CPU
		{288A41C5-70AD-4EDD-AC7A-48EFDDBBA513}.Release|Any CPU.ActiveCfg = Release|Any CPU
		{288A41C5-70AD-4EDD-AC7A-48EFDDBBA513}.Release|Any CPU.Build.0 = Release|Any CPU
		{542AF4DC-6940-4B1E-9AAC-E099A989952C}.Debug|Any CPU.ActiveCfg = Debug|Any CPU
		{542AF4DC-6940-4B1E-9AAC-E099A989952C}.Debug|Any CPU.Build.0 = Debug|Any CPU
		{542AF4DC-6940-4B1E-9AAC-E099A989952C}.Release|Any CPU.ActiveCfg = Release|Any CPU
		{542AF4DC-6940-4B1E-9AAC-E099A989952C}.Release|Any CPU.Build.0 = Release|Any CPU
	EndGlobalSection
	GlobalSection(SolutionProperties) = preSolution
		HideSolutionNode = FALSE
	EndGlobalSection
	GlobalSection(ExtensibilityGlobals) = postSolution
		SolutionGuid = {64E17409-131F-4A38-9032-E00CA082E2F6}
	EndGlobalSection
EndGlobal
